
Microsoft Visual Studio Solution File, Format Version 12.00
# Visual Studio Version 17
VisualStudioVersion = 17.3.32929.385
MinimumVisualStudioVersion = 10.0.40219.1
Project("{FAE04EC0-301F-11D3-BF4B-00C04F79EFBC}") = "GameCode", "GameCode\GameCode.csproj", "{347F5D51-A74D-4073-88F5-96CF0C4B985B}"
EndProject
Project("{D954291E-2A0B-460D-934E-DC6B0785DB48}") = "Engine", "Engine\Engine.shproj", "{A0CDBD0E-3A41-42B7-9425-A838BC2C7383}"
EndProject
Project("{2150E333-8FDC-42A3-9474-1A3956D46DE8}") = "Platforms", "Platforms", "{953F9745-C454-4C8B-91E5-FF31901CCC1F}"
EndProject
Project("{FAE04EC0-301F-11D3-BF4B-00C04F79EFBC}") = "OpenGL", "Platforms\OpenGL\OpenGL.csproj", "{0908B818-3417-4E20-9BF3-4FC4C7420CDF}"
EndProject
Global
	GlobalSection(SolutionConfigurationPlatforms) = preSolution
		Debug|Any CPU = Debug|Any CPU
		Debug|ARM = Debug|ARM
		Debug|x64 = Debug|x64
		Debug|x86 = Debug|x86
		Release|Any CPU = Release|Any CPU
		Release|ARM = Release|ARM
		Release|x64 = Release|x64
		Release|x86 = Release|x86
	EndGlobalSection
	GlobalSection(ProjectConfigurationPlatforms) = postSolution
		{347F5D51-A74D-4073-88F5-96CF0C4B985B}.Debug|Any CPU.ActiveCfg = Debug|Any CPU
		{347F5D51-A74D-4073-88F5-96CF0C4B985B}.Debug|Any CPU.Build.0 = Debug|Any CPU
		{347F5D51-A74D-4073-88F5-96CF0C4B985B}.Debug|ARM.ActiveCfg = Debug|Any CPU
		{347F5D51-A74D-4073-88F5-96CF0C4B985B}.Debug|ARM.Build.0 = Debug|Any CPU
		{347F5D51-A74D-4073-88F5-96CF0C4B985B}.Debug|x64.ActiveCfg = Debug|Any CPU
		{347F5D51-A74D-4073-88F5-96CF0C4B985B}.Debug|x64.Build.0 = Debug|Any CPU
		{347F5D51-A74D-4073-88F5-96CF0C4B985B}.Debug|x86.ActiveCfg = Debug|Any CPU
		{347F5D51-A74D-4073-88F5-96CF0C4B985B}.Debug|x86.Build.0 = Debug|Any CPU
		{347F5D51-A74D-4073-88F5-96CF0C4B985B}.Release|Any CPU.ActiveCfg = Release|Any CPU
		{347F5D51-A74D-4073-88F5-96CF0C4B985B}.Release|Any CPU.Build.0 = Release|Any CPU
		{347F5D51-A74D-4073-88F5-96CF0C4B985B}.Release|ARM.ActiveCfg = Release|Any CPU
		{347F5D51-A74D-4073-88F5-96CF0C4B985B}.Release|ARM.Build.0 = Release|Any CPU
		{347F5D51-A74D-4073-88F5-96CF0C4B985B}.Release|x64.ActiveCfg = Release|Any CPU
		{347F5D51-A74D-4073-88F5-96CF0C4B985B}.Release|x64.Build.0 = Release|Any CPU
		{347F5D51-A74D-4073-88F5-96CF0C4B985B}.Release|x86.ActiveCfg = Release|Any CPU
		{347F5D51-A74D-4073-88F5-96CF0C4B985B}.Release|x86.Build.0 = Release|Any CPU
		{0908B818-3417-4E20-9BF3-4FC4C7420CDF}.Debug|Any CPU.ActiveCfg = Debug|Any CPU
		{0908B818-3417-4E20-9BF3-4FC4C7420CDF}.Debug|Any CPU.Build.0 = Debug|Any CPU
		{0908B818-3417-4E20-9BF3-4FC4C7420CDF}.Debug|ARM.ActiveCfg = Debug|Any CPU
		{0908B818-3417-4E20-9BF3-4FC4C7420CDF}.Debug|ARM.Build.0 = Debug|Any CPU
		{0908B818-3417-4E20-9BF3-4FC4C7420CDF}.Debug|x64.ActiveCfg = Debug|Any CPU
		{0908B818-3417-4E20-9BF3-4FC4C7420CDF}.Debug|x64.Build.0 = Debug|Any CPU
		{0908B818-3417-4E20-9BF3-4FC4C7420CDF}.Debug|x86.ActiveCfg = Debug|Any CPU
		{0908B818-3417-4E20-9BF3-4FC4C7420CDF}.Debug|x86.Build.0 = Debug|Any CPU
		{0908B818-3417-4E20-9BF3-4FC4C7420CDF}.Release|Any CPU.ActiveCfg = Release|Any CPU
		{0908B818-3417-4E20-9BF3-4FC4C7420CDF}.Release|Any CPU.Build.0 = Release|Any CPU
		{0908B818-3417-4E20-9BF3-4FC4C7420CDF}.Release|ARM.ActiveCfg = Release|Any CPU
		{0908B818-3417-4E20-9BF3-4FC4C7420CDF}.Release|ARM.Build.0 = Release|Any CPU
		{0908B818-3417-4E20-9BF3-4FC4C7420CDF}.Release|x64.ActiveCfg = Release|Any CPU
		{0908B818-3417-4E20-9BF3-4FC4C7420CDF}.Release|x64.Build.0 = Release|Any CPU
		{0908B818-3417-4E20-9BF3-4FC4C7420CDF}.Release|x86.ActiveCfg = Release|Any CPU
		{0908B818-3417-4E20-9BF3-4FC4C7420CDF}.Release|x86.Build.0 = Release|Any CPU
	EndGlobalSection
	GlobalSection(SolutionProperties) = preSolution
		HideSolutionNode = FALSE
	EndGlobalSection
	GlobalSection(NestedProjects) = preSolution
		{0908B818-3417-4E20-9BF3-4FC4C7420CDF} = {953F9745-C454-4C8B-91E5-FF31901CCC1F}
	EndGlobalSection
	GlobalSection(ExtensibilityGlobals) = postSolution
		SolutionGuid = {AAF2E839-103E-4561-9C00-ECAC5E86CFE6}
	EndGlobalSection
	GlobalSection(SharedMSBuildProjectFiles) = preSolution
		Engine\Engine.projitems*{347f5d51-a74d-4073-88f5-96cf0c4b985b}*SharedItemsImports = 5
		Engine\Engine.projitems*{a0cdbd0e-3a41-42b7-9425-a838bc2c7383}*SharedItemsImports = 13
	EndGlobalSection
EndGlobal
